
Microsoft Visual Studio Solution File, Format Version 12.00
# Visual Studio Version 17
VisualStudioVersion = 17.2.32616.157
MinimumVisualStudioVersion = 10.0.40219.1
Project("{9A19103F-16F7-4668-BE54-9A1E7A4F7556}") = "1. Encrypt, Sort, and Print Array", "1. Encrypt, Sort, and Print Array\1. Encrypt, Sort, and Print Array.csproj", "{4106AC84-DD69-48F4-9C86-AE8DDBD8B219}"
EndProject
Project("{9A19103F-16F7-4668-BE54-9A1E7A4F7556}") = "2. Pascal Triangle", "2. Pascal Triangle\2. Pascal Triangle.csproj", "{73C81B21-5579-4260-BBC9-F2BCF90A3A0F}"
EndProject
Project("{FAE04EC0-301F-11D3-BF4B-00C04F79EFBC}") = "3. Recursive Fibonacci", "3. Recursive Fibonacci\3. Recursive Fibonacci.csproj", "{5BED5553-DD43-4A7F-882C-323B4707348A}"
EndProject
Project("{FAE04EC0-301F-11D3-BF4B-00C04F79EFBC}") = "4. Fold and Sum", "4. Fold and Sum\4. Fold and Sum.csproj", "{A4964E5C-CC2E-4001-ABAA-E1E819934D65}"
EndProject
Global
	GlobalSection(SolutionConfigurationPlatforms) = preSolution
		Debug|Any CPU = Debug|Any CPU
		Release|Any CPU = Release|Any CPU
	EndGlobalSection
	GlobalSection(ProjectConfigurationPlatforms) = postSolution
		{4106AC84-DD69-48F4-9C86-AE8DDBD8B219}.Debug|Any CPU.ActiveCfg = Debug|Any CPU
		{4106AC84-DD69-48F4-9C86-AE8DDBD8B219}.Debug|Any CPU.Build.0 = Debug|Any CPU
		{4106AC84-DD69-48F4-9C86-AE8DDBD8B219}.Release|Any CPU.ActiveCfg = Release|Any CPU
		{4106AC84-DD69-48F4-9C86-AE8DDBD8B219}.Release|Any CPU.Build.0 = Release|Any CPU
		{73C81B21-5579-4260-BBC9-F2BCF90A3A0F}.Debug|Any CPU.ActiveCfg = Debug|Any CPU
		{73C81B21-5579-4260-BBC9-F2BCF90A3A0F}.Debug|Any CPU.Build.0 = Debug|Any CPU
		{73C81B21-5579-4260-BBC9-F2BCF90A3A0F}.Release|Any CPU.ActiveCfg = Release|Any CPU
		{73C81B21-5579-4260-BBC9-F2BCF90A3A0F}.Release|Any CPU.Build.0 = Release|Any CPU
		{5BED5553-DD43-4A7F-882C-323B4707348A}.Debug|Any CPU.ActiveCfg = Debug|Any CPU
		{5BED5553-DD43-4A7F-882C-323B4707348A}.Debug|Any CPU.Build.0 = Debug|Any CPU
		{5BED5553-DD43-4A7F-882C-323B4707348A}.Release|Any CPU.ActiveCfg = Release|Any CPU
		{5BED5553-DD43-4A7F-882C-323B4707348A}.Release|Any CPU.Build.0 = Release|Any CPU
		{A4964E5C-CC2E-4001-ABAA-E1E819934D65}.Debug|Any CPU.ActiveCfg = Debug|Any CPU
		{A4964E5C-CC2E-4001-ABAA-E1E819934D65}.Debug|Any CPU.Build.0 = Debug|Any CPU
		{A4964E5C-CC2E-4001-ABAA-E1E819934D65}.Release|Any CPU.ActiveCfg = Release|Any CPU
		{A4964E5C-CC2E-4001-ABAA-E1E819934D65}.Release|Any CPU.Build.0 = Release|Any CPU
	EndGlobalSection
	GlobalSection(SolutionProperties) = preSolution
		HideSolutionNode = FALSE
	EndGlobalSection
	GlobalSection(ExtensibilityGlobals) = postSolution
		SolutionGuid = {3E8F316B-698B-47ED-994C-389188D3CCAC}
	EndGlobalSection
EndGlobal
