
Microsoft Visual Studio Solution File, Format Version 12.00
# Visual Studio Version 17
VisualStudioVersion = 17.4.33103.184
MinimumVisualStudioVersion = 10.0.40219.1
Project("{9A19103F-16F7-4668-BE54-9A1E7A4F7556}") = "1. Company Roster", "1. Company Roster\1. Company Roster.csproj", "{D1F1A856-CF1C-4E2D-A0E6-D7D862AA3601}"
EndProject
Project("{9A19103F-16F7-4668-BE54-9A1E7A4F7556}") = "2.OldestFamilyMember", "2.OldestFamilyMember\2.OldestFamilyMember.csproj", "{8B9D0495-1666-4506-A7C6-29CF6D4D63AD}"
EndProject
Project("{9A19103F-16F7-4668-BE54-9A1E7A4F7556}") = "3. Speed Racing", "3. Speed Racing\3. Speed Racing.csproj", "{E47256A3-5B69-46BC-851B-E8EB90BAF625}"
EndProject
Project("{FAE04EC0-301F-11D3-BF4B-00C04F79EFBC}") = "4. Raw Data", "4. Raw Data\4. Raw Data.csproj", "{5C18E6B7-B47C-4DF7-8F23-29970C6E97F5}"
EndProject
Project("{FAE04EC0-301F-11D3-BF4B-00C04F79EFBC}") = "5. Shopping Spree", "5. Shopping Spree\5. Shopping Spree.csproj", "{7A7E6ADC-D1DA-4E56-9E01-0F6DCBE2F34E}"
EndProject
Global
	GlobalSection(SolutionConfigurationPlatforms) = preSolution
		Debug|Any CPU = Debug|Any CPU
		Release|Any CPU = Release|Any CPU
	EndGlobalSection
	GlobalSection(ProjectConfigurationPlatforms) = postSolution
		{D1F1A856-CF1C-4E2D-A0E6-D7D862AA3601}.Debug|Any CPU.ActiveCfg = Debug|Any CPU
		{D1F1A856-CF1C-4E2D-A0E6-D7D862AA3601}.Debug|Any CPU.Build.0 = Debug|Any CPU
		{D1F1A856-CF1C-4E2D-A0E6-D7D862AA3601}.Release|Any CPU.ActiveCfg = Release|Any CPU
		{D1F1A856-CF1C-4E2D-A0E6-D7D862AA3601}.Release|Any CPU.Build.0 = Release|Any CPU
		{8B9D0495-1666-4506-A7C6-29CF6D4D63AD}.Debug|Any CPU.ActiveCfg = Debug|Any CPU
		{8B9D0495-1666-4506-A7C6-29CF6D4D63AD}.Debug|Any CPU.Build.0 = Debug|Any CPU
		{8B9D0495-1666-4506-A7C6-29CF6D4D63AD}.Release|Any CPU.ActiveCfg = Release|Any CPU
		{8B9D0495-1666-4506-A7C6-29CF6D4D63AD}.Release|Any CPU.Build.0 = Release|Any CPU
		{E47256A3-5B69-46BC-851B-E8EB90BAF625}.Debug|Any CPU.ActiveCfg = Debug|Any CPU
		{E47256A3-5B69-46BC-851B-E8EB90BAF625}.Debug|Any CPU.Build.0 = Debug|Any CPU
		{E47256A3-5B69-46BC-851B-E8EB90BAF625}.Release|Any CPU.ActiveCfg = Release|Any CPU
		{E47256A3-5B69-46BC-851B-E8EB90BAF625}.Release|Any CPU.Build.0 = Release|Any CPU
		{5C18E6B7-B47C-4DF7-8F23-29970C6E97F5}.Debug|Any CPU.ActiveCfg = Debug|Any CPU
		{5C18E6B7-B47C-4DF7-8F23-29970C6E97F5}.Debug|Any CPU.Build.0 = Debug|Any CPU
		{5C18E6B7-B47C-4DF7-8F23-29970C6E97F5}.Release|Any CPU.ActiveCfg = Release|Any CPU
		{5C18E6B7-B47C-4DF7-8F23-29970C6E97F5}.Release|Any CPU.Build.0 = Release|Any CPU
		{7A7E6ADC-D1DA-4E56-9E01-0F6DCBE2F34E}.Debug|Any CPU.ActiveCfg = Debug|Any CPU
		{7A7E6ADC-D1DA-4E56-9E01-0F6DCBE2F34E}.Debug|Any CPU.Build.0 = Debug|Any CPU
		{7A7E6ADC-D1DA-4E56-9E01-0F6DCBE2F34E}.Release|Any CPU.ActiveCfg = Release|Any CPU
		{7A7E6ADC-D1DA-4E56-9E01-0F6DCBE2F34E}.Release|Any CPU.Build.0 = Release|Any CPU
	EndGlobalSection
	GlobalSection(SolutionProperties) = preSolution
		HideSolutionNode = FALSE
	EndGlobalSection
	GlobalSection(ExtensibilityGlobals) = postSolution
		SolutionGuid = {AB928F9E-25A1-47E6-9C92-E586E021635A}
	EndGlobalSection
EndGlobal
