
Microsoft Visual Studio Solution File, Format Version 12.00
# Visual Studio Version 17
VisualStudioVersion = 17.4.33103.184
MinimumVisualStudioVersion = 10.0.40219.1
Project("{FAE04EC0-301F-11D3-BF4B-00C04F79EFBC}") = "1. Ranking", "1. Ranking\1. Ranking.csproj", "{CFDE4F6B-EFBB-40C1-B8F4-C84188D37236}"
EndProject
Global
	GlobalSection(SolutionConfigurationPlatforms) = preSolution
		Debug|Any CPU = Debug|Any CPU
		Release|Any CPU = Release|Any CPU
	EndGlobalSection
	GlobalSection(ProjectConfigurationPlatforms) = postSolution
		{CFDE4F6B-EFBB-40C1-B8F4-C84188D37236}.Debug|Any CPU.ActiveCfg = Debug|Any CPU
		{CFDE4F6B-EFBB-40C1-B8F4-C84188D37236}.Debug|Any CPU.Build.0 = Debug|Any CPU
		{CFDE4F6B-EFBB-40C1-B8F4-C84188D37236}.Release|Any CPU.ActiveCfg = Release|Any CPU
		{CFDE4F6B-EFBB-40C1-B8F4-C84188D37236}.Release|Any CPU.Build.0 = Release|Any CPU
	EndGlobalSection
	GlobalSection(SolutionProperties) = preSolution
		HideSolutionNode = FALSE
	EndGlobalSection
	GlobalSection(ExtensibilityGlobals) = postSolution
		SolutionGuid = {133E7AC8-C039-465F-B8B4-4B7CA3070B27}
	EndGlobalSection
EndGlobal
